
Microsoft Visual Studio Solution File, Format Version 12.00
# Visual Studio Version 17
VisualStudioVersion = 17.7.34221.43
MinimumVisualStudioVersion = 10.0.40219.1
Project("{F184B08F-C81C-45F6-A57F-5ABD9991F28F}") = "AccesoDatos", "AccesoDatos\AccesoDatos.vbproj", "{2321F69F-6192-41BA-8AC7-29069DCFA392}"
EndProject
Project("{F184B08F-C81C-45F6-A57F-5ABD9991F28F}") = "Entidades", "Entidades\Entidades.vbproj", "{1AEF2A47-2696-4B65-8501-A5018DA444A3}"
EndProject
Project("{F184B08F-C81C-45F6-A57F-5ABD9991F28F}") = "WinAPPEDWINVB", "WinAPPEDWINVB\WinAPPEDWINVB.vbproj", "{BD96B838-CA64-414D-ADE5-E023FB104AFC}"
EndProject
Project("{F184B08F-C81C-45F6-A57F-5ABD9991F28F}") = "Negocios", "Negocios\Negocios.vbproj", "{910ABDC6-7339-496E-B5D4-9BD3124C1AC7}"
EndProject
Project("{2150E333-8FDC-42A3-9474-1A3956D46DE8}") = "Elementos de la solución", "Elementos de la solución", "{96B92517-78FA-4EE0-ACC4-853ADFB4FD58}"
	ProjectSection(SolutionItems) = preProject
		Class1.cs = Class1.cs
	EndProjectSection
EndProject
Global
	GlobalSection(SolutionConfigurationPlatforms) = preSolution
		Debug|Any CPU = Debug|Any CPU
		Release|Any CPU = Release|Any CPU
	EndGlobalSection
	GlobalSection(ProjectConfigurationPlatforms) = postSolution
		{2321F69F-6192-41BA-8AC7-29069DCFA392}.Debug|Any CPU.ActiveCfg = Debug|Any CPU
		{2321F69F-6192-41BA-8AC7-29069DCFA392}.Debug|Any CPU.Build.0 = Debug|Any CPU
		{2321F69F-6192-41BA-8AC7-29069DCFA392}.Release|Any CPU.ActiveCfg = Release|Any CPU
		{2321F69F-6192-41BA-8AC7-29069DCFA392}.Release|Any CPU.Build.0 = Release|Any CPU
		{1AEF2A47-2696-4B65-8501-A5018DA444A3}.Debug|Any CPU.ActiveCfg = Debug|Any CPU
		{1AEF2A47-2696-4B65-8501-A5018DA444A3}.Debug|Any CPU.Build.0 = Debug|Any CPU
		{1AEF2A47-2696-4B65-8501-A5018DA444A3}.Release|Any CPU.ActiveCfg = Release|Any CPU
		{1AEF2A47-2696-4B65-8501-A5018DA444A3}.Release|Any CPU.Build.0 = Release|Any CPU
		{BD96B838-CA64-414D-ADE5-E023FB104AFC}.Debug|Any CPU.ActiveCfg = Debug|Any CPU
		{BD96B838-CA64-414D-ADE5-E023FB104AFC}.Debug|Any CPU.Build.0 = Debug|Any CPU
		{BD96B838-CA64-414D-ADE5-E023FB104AFC}.Release|Any CPU.ActiveCfg = Release|Any CPU
		{BD96B838-CA64-414D-ADE5-E023FB104AFC}.Release|Any CPU.Build.0 = Release|Any CPU
		{910ABDC6-7339-496E-B5D4-9BD3124C1AC7}.Debug|Any CPU.ActiveCfg = Debug|Any CPU
		{910ABDC6-7339-496E-B5D4-9BD3124C1AC7}.Debug|Any CPU.Build.0 = Debug|Any CPU
		{910ABDC6-7339-496E-B5D4-9BD3124C1AC7}.Release|Any CPU.ActiveCfg = Release|Any CPU
		{910ABDC6-7339-496E-B5D4-9BD3124C1AC7}.Release|Any CPU.Build.0 = Release|Any CPU
	EndGlobalSection
	GlobalSection(SolutionProperties) = preSolution
		HideSolutionNode = FALSE
	EndGlobalSection
	GlobalSection(ExtensibilityGlobals) = postSolution
		SolutionGuid = {4966A420-32AA-4548-8B5D-C21D2997556E}
	EndGlobalSection
EndGlobal
